
Microsoft Visual Studio Solution File, Format Version 12.00
# Visual Studio Version 17
VisualStudioVersion = 17.3.32825.248
MinimumVisualStudioVersion = 10.0.40219.1
Project("{FAE04EC0-301F-11D3-BF4B-00C04F79EFBC}") = "ex06", "ex06\ex06.csproj", "{2A9025CF-67D1-4B1F-9F8C-F0CD4B135FC6}"
EndProject
Global
	GlobalSection(SolutionConfigurationPlatforms) = preSolution
		Debug|Any CPU = Debug|Any CPU
		Release|Any CPU = Release|Any CPU
	EndGlobalSection
	GlobalSection(ProjectConfigurationPlatforms) = postSolution
		{2A9025CF-67D1-4B1F-9F8C-F0CD4B135FC6}.Debug|Any CPU.ActiveCfg = Debug|Any CPU
		{2A9025CF-67D1-4B1F-9F8C-F0CD4B135FC6}.Debug|Any CPU.Build.0 = Debug|Any CPU
		{2A9025CF-67D1-4B1F-9F8C-F0CD4B135FC6}.Release|Any CPU.ActiveCfg = Release|Any CPU
		{2A9025CF-67D1-4B1F-9F8C-F0CD4B135FC6}.Release|Any CPU.Build.0 = Release|Any CPU
	EndGlobalSection
	GlobalSection(SolutionProperties) = preSolution
		HideSolutionNode = FALSE
	EndGlobalSection
	GlobalSection(ExtensibilityGlobals) = postSolution
		SolutionGuid = {4674882A-FDB8-46D5-B137-AA9BECB00B29}
	EndGlobalSection
EndGlobal
