
Microsoft Visual Studio Solution File, Format Version 12.00
# Visual Studio Version 17
VisualStudioVersion = 17.3.32825.248
MinimumVisualStudioVersion = 10.0.40219.1
Project("{FAE04EC0-301F-11D3-BF4B-00C04F79EFBC}") = "aula01", "aula01\aula01.csproj", "{26078C42-1C9B-4C4B-A749-A491055779C5}"
EndProject
Global
	GlobalSection(SolutionConfigurationPlatforms) = preSolution
		Debug|Any CPU = Debug|Any CPU
		Release|Any CPU = Release|Any CPU
	EndGlobalSection
	GlobalSection(ProjectConfigurationPlatforms) = postSolution
		{26078C42-1C9B-4C4B-A749-A491055779C5}.Debug|Any CPU.ActiveCfg = Debug|Any CPU
		{26078C42-1C9B-4C4B-A749-A491055779C5}.Debug|Any CPU.Build.0 = Debug|Any CPU
		{26078C42-1C9B-4C4B-A749-A491055779C5}.Release|Any CPU.ActiveCfg = Release|Any CPU
		{26078C42-1C9B-4C4B-A749-A491055779C5}.Release|Any CPU.Build.0 = Release|Any CPU
	EndGlobalSection
	GlobalSection(SolutionProperties) = preSolution
		HideSolutionNode = FALSE
	EndGlobalSection
	GlobalSection(ExtensibilityGlobals) = postSolution
		SolutionGuid = {414B1F5D-D106-41B4-A85F-FCCC5C65F4B0}
	EndGlobalSection
EndGlobal
