
Microsoft Visual Studio Solution File, Format Version 12.00
# Visual Studio Version 17
VisualStudioVersion = 17.3.32825.248
MinimumVisualStudioVersion = 10.0.40219.1
Project("{FAE04EC0-301F-11D3-BF4B-00C04F79EFBC}") = "ex01", "ex01\ex01.csproj", "{41CE327F-B818-4E5C-A35B-4F3CB2C6DC0E}"
EndProject
Project("{FAE04EC0-301F-11D3-BF4B-00C04F79EFBC}") = "ex02", "..\ex02\ex02\ex02.csproj", "{F0436974-0990-41D2-9A26-BFC5BBC6A56D}"
EndProject
Project("{FAE04EC0-301F-11D3-BF4B-00C04F79EFBC}") = "ex03", "..\ex03\ex03\ex03.csproj", "{FF216E90-CB24-4B25-B96D-BD4FD9114FB4}"
EndProject
Project("{FAE04EC0-301F-11D3-BF4B-00C04F79EFBC}") = "menu", "menu\menu.csproj", "{1A56ED34-B462-4AA9-838E-305690B78FA6}"
EndProject
Project("{FAE04EC0-301F-11D3-BF4B-00C04F79EFBC}") = "ex04", "..\ex04\ex04\ex04.csproj", "{33AD6F46-3157-4403-9B64-B4534B940F7C}"
EndProject
Project("{FAE04EC0-301F-11D3-BF4B-00C04F79EFBC}") = "ex05", "..\ex05\ex05\ex05.csproj", "{A39C0CAB-BFE5-47BC-A75F-D3B3AAE2227D}"
EndProject
Project("{FAE04EC0-301F-11D3-BF4B-00C04F79EFBC}") = "ex06", "..\ex06\ex06\ex06.csproj", "{2A9025CF-67D1-4B1F-9F8C-F0CD4B135FC6}"
EndProject
Project("{FAE04EC0-301F-11D3-BF4B-00C04F79EFBC}") = "ex07", "..\ex07\ex07\ex07.csproj", "{79C3784A-51A8-40F6-83E9-91979EB86589}"
EndProject
Project("{FAE04EC0-301F-11D3-BF4B-00C04F79EFBC}") = "ex08", "..\ex08\ex08\ex08.csproj", "{F9FDE1B7-F315-4D94-8917-DFAF2EB39D85}"
EndProject
Project("{FAE04EC0-301F-11D3-BF4B-00C04F79EFBC}") = "ex09", "..\ex09\ex09\ex09.csproj", "{4698FA0B-0048-4D19-92AA-94B7DBFFD9E7}"
EndProject
Project("{FAE04EC0-301F-11D3-BF4B-00C04F79EFBC}") = "ex010", "..\ex010\ex010\ex010.csproj", "{71F52E9B-79EB-4059-BC77-5782353D7277}"
EndProject
Project("{FAE04EC0-301F-11D3-BF4B-00C04F79EFBC}") = "ex011", "..\ex011\ex011\ex011.csproj", "{3ACC338A-241B-44BE-A836-EBCD613A333C}"
EndProject
Project("{FAE04EC0-301F-11D3-BF4B-00C04F79EFBC}") = "ex012", "..\ex012\ex012\ex012.csproj", "{1E01805E-252A-4527-80B7-6411E45DAC68}"
EndProject
Project("{FAE04EC0-301F-11D3-BF4B-00C04F79EFBC}") = "ex013", "..\ex013\ex013\ex013.csproj", "{0EE7DA00-4A96-4B2E-B06C-C77B54CF974C}"
EndProject
Project("{FAE04EC0-301F-11D3-BF4B-00C04F79EFBC}") = "ex014", "..\ex014\ex014\ex014.csproj", "{7611FDE1-439E-4E57-9103-4A0D2DC10ECB}"
EndProject
Project("{FAE04EC0-301F-11D3-BF4B-00C04F79EFBC}") = "ex15", "..\ex15\ex15\ex15.csproj", "{7B3D7EA2-315F-4E43-A689-873E3A59E491}"
EndProject
Project("{FAE04EC0-301F-11D3-BF4B-00C04F79EFBC}") = "hablitacao", "hablitacao\hablitacao.csproj", "{D50289CB-BA70-4275-8409-626EF70FD35F}"
EndProject
Project("{FAE04EC0-301F-11D3-BF4B-00C04F79EFBC}") = "aula01", "..\..\aula01\aula01\aula01.csproj", "{26078C42-1C9B-4C4B-A749-A491055779C5}"
EndProject
Project("{FAE04EC0-301F-11D3-BF4B-00C04F79EFBC}") = "cores", "cores\cores.csproj", "{D64FB85E-305C-4D34-AAA9-F3C173E6FD67}"
EndProject
Global
	GlobalSection(SolutionConfigurationPlatforms) = preSolution
		Debug|Any CPU = Debug|Any CPU
		Release|Any CPU = Release|Any CPU
	EndGlobalSection
	GlobalSection(ProjectConfigurationPlatforms) = postSolution
		{41CE327F-B818-4E5C-A35B-4F3CB2C6DC0E}.Debug|Any CPU.ActiveCfg = Debug|Any CPU
		{41CE327F-B818-4E5C-A35B-4F3CB2C6DC0E}.Debug|Any CPU.Build.0 = Debug|Any CPU
		{41CE327F-B818-4E5C-A35B-4F3CB2C6DC0E}.Release|Any CPU.ActiveCfg = Release|Any CPU
		{41CE327F-B818-4E5C-A35B-4F3CB2C6DC0E}.Release|Any CPU.Build.0 = Release|Any CPU
		{F0436974-0990-41D2-9A26-BFC5BBC6A56D}.Debug|Any CPU.ActiveCfg = Debug|Any CPU
		{F0436974-0990-41D2-9A26-BFC5BBC6A56D}.Debug|Any CPU.Build.0 = Debug|Any CPU
		{F0436974-0990-41D2-9A26-BFC5BBC6A56D}.Release|Any CPU.ActiveCfg = Release|Any CPU
		{F0436974-0990-41D2-9A26-BFC5BBC6A56D}.Release|Any CPU.Build.0 = Release|Any CPU
		{FF216E90-CB24-4B25-B96D-BD4FD9114FB4}.Debug|Any CPU.ActiveCfg = Debug|Any CPU
		{FF216E90-CB24-4B25-B96D-BD4FD9114FB4}.Debug|Any CPU.Build.0 = Debug|Any CPU
		{FF216E90-CB24-4B25-B96D-BD4FD9114FB4}.Release|Any CPU.ActiveCfg = Release|Any CPU
		{FF216E90-CB24-4B25-B96D-BD4FD9114FB4}.Release|Any CPU.Build.0 = Release|Any CPU
		{1A56ED34-B462-4AA9-838E-305690B78FA6}.Debug|Any CPU.ActiveCfg = Debug|Any CPU
		{1A56ED34-B462-4AA9-838E-305690B78FA6}.Debug|Any CPU.Build.0 = Debug|Any CPU
		{1A56ED34-B462-4AA9-838E-305690B78FA6}.Release|Any CPU.ActiveCfg = Release|Any CPU
		{1A56ED34-B462-4AA9-838E-305690B78FA6}.Release|Any CPU.Build.0 = Release|Any CPU
		{33AD6F46-3157-4403-9B64-B4534B940F7C}.Debug|Any CPU.ActiveCfg = Debug|Any CPU
		{33AD6F46-3157-4403-9B64-B4534B940F7C}.Debug|Any CPU.Build.0 = Debug|Any CPU
		{33AD6F46-3157-4403-9B64-B4534B940F7C}.Release|Any CPU.ActiveCfg = Release|Any CPU
		{33AD6F46-3157-4403-9B64-B4534B940F7C}.Release|Any CPU.Build.0 = Release|Any CPU
		{A39C0CAB-BFE5-47BC-A75F-D3B3AAE2227D}.Debug|Any CPU.ActiveCfg = Debug|Any CPU
		{A39C0CAB-BFE5-47BC-A75F-D3B3AAE2227D}.Debug|Any CPU.Build.0 = Debug|Any CPU
		{A39C0CAB-BFE5-47BC-A75F-D3B3AAE2227D}.Release|Any CPU.ActiveCfg = Release|Any CPU
		{A39C0CAB-BFE5-47BC-A75F-D3B3AAE2227D}.Release|Any CPU.Build.0 = Release|Any CPU
		{2A9025CF-67D1-4B1F-9F8C-F0CD4B135FC6}.Debug|Any CPU.ActiveCfg = Debug|Any CPU
		{2A9025CF-67D1-4B1F-9F8C-F0CD4B135FC6}.Debug|Any CPU.Build.0 = Debug|Any CPU
		{2A9025CF-67D1-4B1F-9F8C-F0CD4B135FC6}.Release|Any CPU.ActiveCfg = Release|Any CPU
		{2A9025CF-67D1-4B1F-9F8C-F0CD4B135FC6}.Release|Any CPU.Build.0 = Release|Any CPU
		{79C3784A-51A8-40F6-83E9-91979EB86589}.Debug|Any CPU.ActiveCfg = Debug|Any CPU
		{79C3784A-51A8-40F6-83E9-91979EB86589}.Debug|Any CPU.Build.0 = Debug|Any CPU
		{79C3784A-51A8-40F6-83E9-91979EB86589}.Release|Any CPU.ActiveCfg = Release|Any CPU
		{79C3784A-51A8-40F6-83E9-91979EB86589}.Release|Any CPU.Build.0 = Release|Any CPU
		{F9FDE1B7-F315-4D94-8917-DFAF2EB39D85}.Debug|Any CPU.ActiveCfg = Debug|Any CPU
		{F9FDE1B7-F315-4D94-8917-DFAF2EB39D85}.Debug|Any CPU.Build.0 = Debug|Any CPU
		{F9FDE1B7-F315-4D94-8917-DFAF2EB39D85}.Release|Any CPU.ActiveCfg = Release|Any CPU
		{F9FDE1B7-F315-4D94-8917-DFAF2EB39D85}.Release|Any CPU.Build.0 = Release|Any CPU
		{4698FA0B-0048-4D19-92AA-94B7DBFFD9E7}.Debug|Any CPU.ActiveCfg = Debug|Any CPU
		{4698FA0B-0048-4D19-92AA-94B7DBFFD9E7}.Debug|Any CPU.Build.0 = Debug|Any CPU
		{4698FA0B-0048-4D19-92AA-94B7DBFFD9E7}.Release|Any CPU.ActiveCfg = Release|Any CPU
		{4698FA0B-0048-4D19-92AA-94B7DBFFD9E7}.Release|Any CPU.Build.0 = Release|Any CPU
		{71F52E9B-79EB-4059-BC77-5782353D7277}.Debug|Any CPU.ActiveCfg = Debug|Any CPU
		{71F52E9B-79EB-4059-BC77-5782353D7277}.Debug|Any CPU.Build.0 = Debug|Any CPU
		{71F52E9B-79EB-4059-BC77-5782353D7277}.Release|Any CPU.ActiveCfg = Release|Any CPU
		{71F52E9B-79EB-4059-BC77-5782353D7277}.Release|Any CPU.Build.0 = Release|Any CPU
		{3ACC338A-241B-44BE-A836-EBCD613A333C}.Debug|Any CPU.ActiveCfg = Debug|Any CPU
		{3ACC338A-241B-44BE-A836-EBCD613A333C}.Debug|Any CPU.Build.0 = Debug|Any CPU
		{3ACC338A-241B-44BE-A836-EBCD613A333C}.Release|Any CPU.ActiveCfg = Release|Any CPU
		{3ACC338A-241B-44BE-A836-EBCD613A333C}.Release|Any CPU.Build.0 = Release|Any CPU
		{1E01805E-252A-4527-80B7-6411E45DAC68}.Debug|Any CPU.ActiveCfg = Debug|Any CPU
		{1E01805E-252A-4527-80B7-6411E45DAC68}.Debug|Any CPU.Build.0 = Debug|Any CPU
		{1E01805E-252A-4527-80B7-6411E45DAC68}.Release|Any CPU.ActiveCfg = Release|Any CPU
		{1E01805E-252A-4527-80B7-6411E45DAC68}.Release|Any CPU.Build.0 = Release|Any CPU
		{0EE7DA00-4A96-4B2E-B06C-C77B54CF974C}.Debug|Any CPU.ActiveCfg = Debug|Any CPU
		{0EE7DA00-4A96-4B2E-B06C-C77B54CF974C}.Debug|Any CPU.Build.0 = Debug|Any CPU
		{0EE7DA00-4A96-4B2E-B06C-C77B54CF974C}.Release|Any CPU.ActiveCfg = Release|Any CPU
		{0EE7DA00-4A96-4B2E-B06C-C77B54CF974C}.Release|Any CPU.Build.0 = Release|Any CPU
		{7611FDE1-439E-4E57-9103-4A0D2DC10ECB}.Debug|Any CPU.ActiveCfg = Debug|Any CPU
		{7611FDE1-439E-4E57-9103-4A0D2DC10ECB}.Debug|Any CPU.Build.0 = Debug|Any CPU
		{7611FDE1-439E-4E57-9103-4A0D2DC10ECB}.Release|Any CPU.ActiveCfg = Release|Any CPU
		{7611FDE1-439E-4E57-9103-4A0D2DC10ECB}.Release|Any CPU.Build.0 = Release|Any CPU
		{7B3D7EA2-315F-4E43-A689-873E3A59E491}.Debug|Any CPU.ActiveCfg = Debug|Any CPU
		{7B3D7EA2-315F-4E43-A689-873E3A59E491}.Debug|Any CPU.Build.0 = Debug|Any CPU
		{7B3D7EA2-315F-4E43-A689-873E3A59E491}.Release|Any CPU.ActiveCfg = Release|Any CPU
		{7B3D7EA2-315F-4E43-A689-873E3A59E491}.Release|Any CPU.Build.0 = Release|Any CPU
		{D50289CB-BA70-4275-8409-626EF70FD35F}.Debug|Any CPU.ActiveCfg = Debug|Any CPU
		{D50289CB-BA70-4275-8409-626EF70FD35F}.Debug|Any CPU.Build.0 = Debug|Any CPU
		{D50289CB-BA70-4275-8409-626EF70FD35F}.Release|Any CPU.ActiveCfg = Release|Any CPU
		{D50289CB-BA70-4275-8409-626EF70FD35F}.Release|Any CPU.Build.0 = Release|Any CPU
		{26078C42-1C9B-4C4B-A749-A491055779C5}.Debug|Any CPU.ActiveCfg = Debug|Any CPU
		{26078C42-1C9B-4C4B-A749-A491055779C5}.Debug|Any CPU.Build.0 = Debug|Any CPU
		{26078C42-1C9B-4C4B-A749-A491055779C5}.Release|Any CPU.ActiveCfg = Release|Any CPU
		{26078C42-1C9B-4C4B-A749-A491055779C5}.Release|Any CPU.Build.0 = Release|Any CPU
		{D64FB85E-305C-4D34-AAA9-F3C173E6FD67}.Debug|Any CPU.ActiveCfg = Debug|Any CPU
		{D64FB85E-305C-4D34-AAA9-F3C173E6FD67}.Debug|Any CPU.Build.0 = Debug|Any CPU
		{D64FB85E-305C-4D34-AAA9-F3C173E6FD67}.Release|Any CPU.ActiveCfg = Release|Any CPU
		{D64FB85E-305C-4D34-AAA9-F3C173E6FD67}.Release|Any CPU.Build.0 = Release|Any CPU
	EndGlobalSection
	GlobalSection(SolutionProperties) = preSolution
		HideSolutionNode = FALSE
	EndGlobalSection
	GlobalSection(ExtensibilityGlobals) = postSolution
		SolutionGuid = {B649FB2C-A5B3-43D3-B292-85D77D20EF9B}
	EndGlobalSection
EndGlobal
